
Microsoft Visual Studio Solution File, Format Version 12.00
# Visual Studio Version 17
VisualStudioVersion = 17.6.33829.357
MinimumVisualStudioVersion = 10.0.40219.1
Project("{9A19103F-16F7-4668-BE54-9A1E7A4F7556}") = "Laboratiorium 1", "Laboratiorium 1\Laboratiorium 1.csproj", "{EB732D85-F085-4626-90F8-09117B06ABB0}"
EndProject
Project("{9A19103F-16F7-4668-BE54-9A1E7A4F7556}") = "test", "test\test.csproj", "{D85C3BEC-1CD9-4622-895B-9C785CDC0186}"
EndProject
Project("{FAE04EC0-301F-11D3-BF4B-00C04F79EFBC}") = "Laboratorium2", "Laboratorium2\Laboratorium2.csproj", "{95EC4694-10ED-4113-8191-6CFA1C2C270F}"
EndProject
Global
	GlobalSection(SolutionConfigurationPlatforms) = preSolution
		Debug|Any CPU = Debug|Any CPU
		Release|Any CPU = Release|Any CPU
	EndGlobalSection
	GlobalSection(ProjectConfigurationPlatforms) = postSolution
		{EB732D85-F085-4626-90F8-09117B06ABB0}.Debug|Any CPU.ActiveCfg = Debug|Any CPU
		{EB732D85-F085-4626-90F8-09117B06ABB0}.Debug|Any CPU.Build.0 = Debug|Any CPU
		{EB732D85-F085-4626-90F8-09117B06ABB0}.Release|Any CPU.ActiveCfg = Release|Any CPU
		{EB732D85-F085-4626-90F8-09117B06ABB0}.Release|Any CPU.Build.0 = Release|Any CPU
		{D85C3BEC-1CD9-4622-895B-9C785CDC0186}.Debug|Any CPU.ActiveCfg = Debug|Any CPU
		{D85C3BEC-1CD9-4622-895B-9C785CDC0186}.Debug|Any CPU.Build.0 = Debug|Any CPU
		{D85C3BEC-1CD9-4622-895B-9C785CDC0186}.Release|Any CPU.ActiveCfg = Release|Any CPU
		{D85C3BEC-1CD9-4622-895B-9C785CDC0186}.Release|Any CPU.Build.0 = Release|Any CPU
		{95EC4694-10ED-4113-8191-6CFA1C2C270F}.Debug|Any CPU.ActiveCfg = Debug|Any CPU
		{95EC4694-10ED-4113-8191-6CFA1C2C270F}.Debug|Any CPU.Build.0 = Debug|Any CPU
		{95EC4694-10ED-4113-8191-6CFA1C2C270F}.Release|Any CPU.ActiveCfg = Release|Any CPU
		{95EC4694-10ED-4113-8191-6CFA1C2C270F}.Release|Any CPU.Build.0 = Release|Any CPU
	EndGlobalSection
	GlobalSection(SolutionProperties) = preSolution
		HideSolutionNode = FALSE
	EndGlobalSection
	GlobalSection(ExtensibilityGlobals) = postSolution
		SolutionGuid = {79B28ACC-3407-4EE1-B8C8-350D81959FD3}
	EndGlobalSection
EndGlobal
